
Microsoft Visual Studio Solution File, Format Version 12.00
# Visual Studio Version 17
VisualStudioVersion = 17.6.33717.318
MinimumVisualStudioVersion = 10.0.40219.1
Project("{9A19103F-16F7-4668-BE54-9A1E7A4F7556}") = "SportsStore", "SportsStore\SportsStore.csproj", "{B357DF5B-D0D3-420E-B8A9-1A5764C3A5E4}"
EndProject
Project("{FAE04EC0-301F-11D3-BF4B-00C04F79EFBC}") = "Tests", "Tests\Tests.csproj", "{66C7CAA5-1DE5-4201-802E-55A93F097176}"
	ProjectSection(ProjectDependencies) = postProject
		{B357DF5B-D0D3-420E-B8A9-1A5764C3A5E4} = {B357DF5B-D0D3-420E-B8A9-1A5764C3A5E4}
	EndProjectSection
EndProject
Global
	GlobalSection(SolutionConfigurationPlatforms) = preSolution
		Debug|Any CPU = Debug|Any CPU
		Release|Any CPU = Release|Any CPU
	EndGlobalSection
	GlobalSection(ProjectConfigurationPlatforms) = postSolution
		{B357DF5B-D0D3-420E-B8A9-1A5764C3A5E4}.Debug|Any CPU.ActiveCfg = Debug|Any CPU
		{B357DF5B-D0D3-420E-B8A9-1A5764C3A5E4}.Debug|Any CPU.Build.0 = Debug|Any CPU
		{B357DF5B-D0D3-420E-B8A9-1A5764C3A5E4}.Release|Any CPU.ActiveCfg = Release|Any CPU
		{B357DF5B-D0D3-420E-B8A9-1A5764C3A5E4}.Release|Any CPU.Build.0 = Release|Any CPU
		{66C7CAA5-1DE5-4201-802E-55A93F097176}.Debug|Any CPU.ActiveCfg = Debug|Any CPU
		{66C7CAA5-1DE5-4201-802E-55A93F097176}.Debug|Any CPU.Build.0 = Debug|Any CPU
		{66C7CAA5-1DE5-4201-802E-55A93F097176}.Release|Any CPU.ActiveCfg = Release|Any CPU
		{66C7CAA5-1DE5-4201-802E-55A93F097176}.Release|Any CPU.Build.0 = Release|Any CPU
	EndGlobalSection
	GlobalSection(SolutionProperties) = preSolution
		HideSolutionNode = FALSE
	EndGlobalSection
	GlobalSection(ExtensibilityGlobals) = postSolution
		SolutionGuid = {9AA03F7A-6ACF-47C1-95B6-F8604325B415}
	EndGlobalSection
EndGlobal
